{
  "name": "accomplishment-report-generator",
  "version": "1.0.0",
  "lockfileVersion": 3,
  "requires": true,
  "packages": {
    "": {
      "name": "accomplishment-report-generator",
      "version": "1.0.0",
      "hasInstallScript": true,
      "license": "ISC",
      "dependencies": {
        "@fontsource/playfair-display": "^5.2.8",
        "@fontsource/plus-jakarta-sans": "^5.2.8",
        "@fortawesome/fontawesome-free": "^6.4.0",
        "adm-zip": "^0.5.17"
      }
    },
    "node_modules/@fontsource/playfair-display": {
      "version": "5.2.8",
      "resolved": "https://registry.npmjs.org/@fontsource/playfair-display/-/playfair-display-5.2.8.tgz",
      "integrity": "sha512-fUEhib70SszNhQVsGbUMSsWJhr7Je0rdeuZdtGpDNu0GKF1xJM8QhpI/y0pckU25GcChXm9TLOmeZupkvvZo2g==",
      "license": "OFL-1.1",
      "funding": {
        "url": "https://github.com/sponsors/ayuhito"
      }
    },
    "node_modules/@fontsource/plus-jakarta-sans": {
      "version": "5.2.8",
      "resolved": "https://registry.npmjs.org/@fontsource/plus-jakarta-sans/-/plus-jakarta-sans-5.2.8.tgz",
      "integrity": "sha512-P5qE49fqdeD+7DXH1KBxmMPlB17LTz1zvBhFH0tFzfnYTKVJVyb0pR6plh0ZGXxcB+Oayb54FZZw3V42/DawTw==",
      "license": "OFL-1.1",
      "funding": {
        "url": "https://github.com/sponsors/ayuhito"
      }
    },
    "node_modules/@fortawesome/fontawesome-free": {
      "version": "6.4.0",
      "resolved": "https://registry.npmjs.org/@fortawesome/fontawesome-free/-/fontawesome-free-6.4.0.tgz",
      "integrity": "sha512-0NyytTlPJwB/BF5LtRV8rrABDbe3TdTXqNB3PdZ+UUUZAEIrdOJdmABqKjt4AXwIoJNaRVVZEXxpNrqvE1GAYQ==",
      "hasInstallScript": true,
      "license": "(CC-BY-4.0 AND OFL-1.1 AND MIT)",
      "engines": {
        "node": ">=6"
      }
    },
    "node_modules/adm-zip": {
      "version": "0.5.17",
      "resolved": "https://registry.npmjs.org/adm-zip/-/adm-zip-0.5.17.tgz",
      "integrity": "sha512-+Ut8d9LLqwEvHHJl1+PIHqoyDxFgVN847JTVM3Izi3xHDWPE4UtzzXysMZQs64DMcrJfBeS/uoEP4AD3HQHnQQ==",
      "license": "MIT",
      "engines": {
        "node": ">=12.0"
      }
    }
  }
}
